# THIS IS AN AUTOGENERATED FILE. DO NOT EDIT THIS FILE DIRECTLY.
# yarn lockfile v1


"@clickhouse/client-common@1.6.0":
  version "1.6.0"
  resolved "https://registry.yarnpkg.com/@clickhouse/client-common/-/client-common-1.6.0.tgz#371a64592f55758ac7ddca707a30b78cfc656f84"
  integrity sha512-DPdfPUIrBumWff8JdE2oLqnOIN1DwxXt48juV+tB6zaonufQR1QImtUGEhIFIqRWJU7zErtQ1eKfkwjLY0MYDg==

"@clickhouse/client@^1.6.0":
  version "1.6.0"
  resolved "https://registry.yarnpkg.com/@clickhouse/client/-/client-1.6.0.tgz#703d7b4aef35c60987db9e8f8f4420da1f93adc3"
  integrity sha512-cjuOL5O11Y/axYIvSaNgZjZqD53BBbScrG0DCgZ7XBCz5KWlA5lIG3fP6A4jME277q8ZUYAQxUOlJjeF18872A==
  dependencies:
    "@clickhouse/client-common" "1.6.0"

"@types/node@^22.5.5":
  version "22.5.5"
  resolved "https://registry.yarnpkg.com/@types/node/-/node-22.5.5.tgz#52f939dd0f65fc552a4ad0b392f3c466cc5d7a44"
  integrity sha512-Xjs4y5UPO/CLdzpgR6GirZJx36yScjh73+2NlLlkFRSoQN8B0DpfXPdZGnvVmLRLOsqDpOfTNv7D9trgGhmOIA==
  dependencies:
    undici-types "~6.19.2"

dotenv@^16.4.5:
  version "16.4.5"
  resolved "https://registry.yarnpkg.com/dotenv/-/dotenv-16.4.5.tgz#cdd3b3b604cb327e286b4762e13502f717cb099f"
  integrity sha512-ZmdL2rui+eB2YwhsWzjInR8LldtZHGDoQ1ugH85ppHKwpUHL7j7rN0Ti9NCnGiQbhaZ11FpR+7ao1dNsmduNUg==

undici-types@~6.19.2:
  version "6.19.8"
  resolved "https://registry.yarnpkg.com/undici-types/-/undici-types-6.19.8.tgz#35111c9d1437ab83a7cdc0abae2f26d88eda0a02"
  integrity sha512-ve2KP6f/JnbPBFyobGHuerC9g1FYGn/F8n1LWTwNxCEzd6IfqTwUQcNXgEtmmQ6DlRrC1hrSrBnCZPokRrDHjw==
